
Microsoft Visual Studio Solution File, Format Version 12.00
# Visual Studio 15
VisualStudioVersion = 15.0.27130.2027
MinimumVisualStudioVersion = 10.0.40219.1
Project("{FAE04EC0-301F-11D3-BF4B-00C04F79EFBC}") = "psub", "psub\psub.csproj", "{7ACB3A2E-FFB8-4647-BCB0-B6F78B0737AB}"
EndProject
Global
	GlobalSection(SolutionConfigurationPlatforms) = preSolution
		Debug|Any CPU = Debug|Any CPU
		Release|Any CPU = Release|Any CPU
	EndGlobalSection
	GlobalSection(ProjectConfigurationPlatforms) = postSolution
		{7ACB3A2E-FFB8-4647-BCB0-B6F78B0737AB}.Debug|Any CPU.ActiveCfg = Debug|Any CPU
		{7ACB3A2E-FFB8-4647-BCB0-B6F78B0737AB}.Debug|Any CPU.Build.0 = Debug|Any CPU
		{7ACB3A2E-FFB8-4647-BCB0-B6F78B0737AB}.Release|Any CPU.ActiveCfg = Release|Any CPU
		{7ACB3A2E-FFB8-4647-BCB0-B6F78B0737AB}.Release|Any CPU.Build.0 = Release|Any CPU
	EndGlobalSection
	GlobalSection(SolutionProperties) = preSolution
		HideSolutionNode = FALSE
	EndGlobalSection
	GlobalSection(ExtensibilityGlobals) = postSolution
		SolutionGuid = {E44C3A29-43CC-446C-8360-EC9B8C809CED}
	EndGlobalSection
EndGlobal
